
Microsoft Visual Studio Solution File, Format Version 12.00
# Visual Studio Version 17
VisualStudioVersion = 17.14.36603.0
MinimumVisualStudioVersion = 10.0.40219.1
Project("{FAE04EC0-301F-11D3-BF4B-00C04F79EFBC}") = "Tarantino", "Tarantino\Tarantino.csproj", "{5EF86C42-CE45-4C3B-8907-CA2811266DCB}"
EndProject
Project("{FAE04EC0-301F-11D3-BF4B-00C04F79EFBC}") = "Tarantino-REPL", "Tarantino-REPL\Tarantino-REPL.csproj", "{8D4881A6-57A0-4767-A1BF-95C5FFEA0842}"
EndProject
Project("{FAE04EC0-301F-11D3-BF4B-00C04F79EFBC}") = "Tarantino-WFI", "Tarantino-WFI\Tarantino-WFI.csproj", "{8EC4E1E4-4238-4974-9DC9-BF388B4D381A}"
EndProject
Global
	GlobalSection(SolutionConfigurationPlatforms) = preSolution
		Debug|Any CPU = Debug|Any CPU
		Release|Any CPU = Release|Any CPU
	EndGlobalSection
	GlobalSection(ProjectConfigurationPlatforms) = postSolution
		{5EF86C42-CE45-4C3B-8907-CA2811266DCB}.Debug|Any CPU.ActiveCfg = Debug|Any CPU
		{5EF86C42-CE45-4C3B-8907-CA2811266DCB}.Debug|Any CPU.Build.0 = Debug|Any CPU
		{5EF86C42-CE45-4C3B-8907-CA2811266DCB}.Release|Any CPU.ActiveCfg = Release|Any CPU
		{5EF86C42-CE45-4C3B-8907-CA2811266DCB}.Release|Any CPU.Build.0 = Release|Any CPU
		{8D4881A6-57A0-4767-A1BF-95C5FFEA0842}.Debug|Any CPU.ActiveCfg = Debug|Any CPU
		{8D4881A6-57A0-4767-A1BF-95C5FFEA0842}.Debug|Any CPU.Build.0 = Debug|Any CPU
		{8D4881A6-57A0-4767-A1BF-95C5FFEA0842}.Release|Any CPU.ActiveCfg = Release|Any CPU
		{8D4881A6-57A0-4767-A1BF-95C5FFEA0842}.Release|Any CPU.Build.0 = Release|Any CPU
		{8EC4E1E4-4238-4974-9DC9-BF388B4D381A}.Debug|Any CPU.ActiveCfg = Debug|Any CPU
		{8EC4E1E4-4238-4974-9DC9-BF388B4D381A}.Debug|Any CPU.Build.0 = Debug|Any CPU
		{8EC4E1E4-4238-4974-9DC9-BF388B4D381A}.Release|Any CPU.ActiveCfg = Release|Any CPU
		{8EC4E1E4-4238-4974-9DC9-BF388B4D381A}.Release|Any CPU.Build.0 = Release|Any CPU
	EndGlobalSection
	GlobalSection(SolutionProperties) = preSolution
		HideSolutionNode = FALSE
	EndGlobalSection
	GlobalSection(ExtensibilityGlobals) = postSolution
		SolutionGuid = {BDBA1748-4C0D-47F0-BF41-25275735D0A9}
	EndGlobalSection
EndGlobal
